
Microsoft Visual Studio Solution File, Format Version 12.00
# Visual Studio Version 16
VisualStudioVersion = 16.0.28803.352
MinimumVisualStudioVersion = 10.0.40219.1
Project("{FAE04EC0-301F-11D3-BF4B-00C04F79EFBC}") = "ProductManager.Api", "ProductManager.Api\ProductManager.Api.csproj", "{4637CBE1-B3E4-477A-BA99-F8DC08AD42D4}"
EndProject
Project("{FAE04EC0-301F-11D3-BF4B-00C04F79EFBC}") = "Data", "Data\Data.csproj", "{658160BB-B47C-4444-8B97-D7C0BC076E38}"
EndProject
Project("{FAE04EC0-301F-11D3-BF4B-00C04F79EFBC}") = "Services", "Services\Services.csproj", "{514BADD2-946F-431C-983B-469B07E304BE}"
EndProject
Global
	GlobalSection(SolutionConfigurationPlatforms) = preSolution
		Debug|Any CPU = Debug|Any CPU
		Release|Any CPU = Release|Any CPU
	EndGlobalSection
	GlobalSection(ProjectConfigurationPlatforms) = postSolution
		{4637CBE1-B3E4-477A-BA99-F8DC08AD42D4}.Debug|Any CPU.ActiveCfg = Debug|Any CPU
		{4637CBE1-B3E4-477A-BA99-F8DC08AD42D4}.Debug|Any CPU.Build.0 = Debug|Any CPU
		{4637CBE1-B3E4-477A-BA99-F8DC08AD42D4}.Release|Any CPU.ActiveCfg = Release|Any CPU
		{4637CBE1-B3E4-477A-BA99-F8DC08AD42D4}.Release|Any CPU.Build.0 = Release|Any CPU
		{658160BB-B47C-4444-8B97-D7C0BC076E38}.Debug|Any CPU.ActiveCfg = Debug|Any CPU
		{658160BB-B47C-4444-8B97-D7C0BC076E38}.Debug|Any CPU.Build.0 = Debug|Any CPU
		{658160BB-B47C-4444-8B97-D7C0BC076E38}.Release|Any CPU.ActiveCfg = Release|Any CPU
		{658160BB-B47C-4444-8B97-D7C0BC076E38}.Release|Any CPU.Build.0 = Release|Any CPU
		{514BADD2-946F-431C-983B-469B07E304BE}.Debug|Any CPU.ActiveCfg = Debug|Any CPU
		{514BADD2-946F-431C-983B-469B07E304BE}.Debug|Any CPU.Build.0 = Debug|Any CPU
		{514BADD2-946F-431C-983B-469B07E304BE}.Release|Any CPU.ActiveCfg = Release|Any CPU
		{514BADD2-946F-431C-983B-469B07E304BE}.Release|Any CPU.Build.0 = Release|Any CPU
	EndGlobalSection
	GlobalSection(SolutionProperties) = preSolution
		HideSolutionNode = FALSE
	EndGlobalSection
	GlobalSection(ExtensibilityGlobals) = postSolution
		SolutionGuid = {19D6D2AE-A812-4A88-9ED2-9DDDEEBDD344}
	EndGlobalSection
EndGlobal
